
Microsoft Visual Studio Solution File, Format Version 12.00
# Visual Studio 2013
VisualStudioVersion = 12.0.30501.0
MinimumVisualStudioVersion = 10.0.40219.1
Project("{FAE04EC0-301F-11D3-BF4B-00C04F79EFBC}") = "RestoreTests", "RestoreTests\RestoreTests.csproj", "{892BB4F7-4BC7-438F-A6B9-A22D5F64228B}"
EndProject
Project("{FAE04EC0-301F-11D3-BF4B-00C04F79EFBC}") = "IntegrationTest", "IntegrationTest\IntegrationTest.csproj", "{3568C376-F3AB-469C-94A0-695CF2844C1F}"
EndProject
Project("{FAE04EC0-301F-11D3-BF4B-00C04F79EFBC}") = "IFix", "RemoveOldNugetRestore\IFix.csproj", "{22ADA2BA-033A-47E0-AD83-8399775DB135}"
EndProject
Project("{930C7802-8A8C-48F9-8165-68863BCCD9DD}") = "IFix.Setup", "NugetConvert2AutomaticRestore.Setup\IFix.Setup.wixproj", "{2D68840B-5C4F-456A-A55B-9CC59B51F4F8}"
EndProject
Project("{FAE04EC0-301F-11D3-BF4B-00C04F79EFBC}") = "GitIgnoreTests", "GitIgnoreTests\GitIgnoreTests.csproj", "{EFC21748-5504-4B97-92F0-4B7F537FD5F7}"
EndProject
Global
	GlobalSection(SolutionConfigurationPlatforms) = preSolution
		Debug|Any CPU = Debug|Any CPU
		Debug|Mixed Platforms = Debug|Mixed Platforms
		Debug|x86 = Debug|x86
		Release|Any CPU = Release|Any CPU
		Release|Mixed Platforms = Release|Mixed Platforms
		Release|x86 = Release|x86
	EndGlobalSection
	GlobalSection(ProjectConfigurationPlatforms) = postSolution
		{892BB4F7-4BC7-438F-A6B9-A22D5F64228B}.Debug|Any CPU.ActiveCfg = Debug|Any CPU
		{892BB4F7-4BC7-438F-A6B9-A22D5F64228B}.Debug|Any CPU.Build.0 = Debug|Any CPU
		{892BB4F7-4BC7-438F-A6B9-A22D5F64228B}.Debug|Mixed Platforms.ActiveCfg = Debug|Any CPU
		{892BB4F7-4BC7-438F-A6B9-A22D5F64228B}.Debug|Mixed Platforms.Build.0 = Debug|Any CPU
		{892BB4F7-4BC7-438F-A6B9-A22D5F64228B}.Debug|x86.ActiveCfg = Debug|Any CPU
		{892BB4F7-4BC7-438F-A6B9-A22D5F64228B}.Debug|x86.Build.0 = Debug|Any CPU
		{892BB4F7-4BC7-438F-A6B9-A22D5F64228B}.Release|Any CPU.ActiveCfg = Release|Any CPU
		{892BB4F7-4BC7-438F-A6B9-A22D5F64228B}.Release|Any CPU.Build.0 = Release|Any CPU
		{892BB4F7-4BC7-438F-A6B9-A22D5F64228B}.Release|Mixed Platforms.ActiveCfg = Release|Any CPU
		{892BB4F7-4BC7-438F-A6B9-A22D5F64228B}.Release|Mixed Platforms.Build.0 = Release|Any CPU
		{892BB4F7-4BC7-438F-A6B9-A22D5F64228B}.Release|x86.ActiveCfg = Release|Any CPU
		{3568C376-F3AB-469C-94A0-695CF2844C1F}.Debug|Any CPU.ActiveCfg = Debug|Any CPU
		{3568C376-F3AB-469C-94A0-695CF2844C1F}.Debug|Any CPU.Build.0 = Debug|Any CPU
		{3568C376-F3AB-469C-94A0-695CF2844C1F}.Debug|Mixed Platforms.ActiveCfg = Debug|Any CPU
		{3568C376-F3AB-469C-94A0-695CF2844C1F}.Debug|Mixed Platforms.Build.0 = Debug|Any CPU
		{3568C376-F3AB-469C-94A0-695CF2844C1F}.Debug|x86.ActiveCfg = Debug|Any CPU
		{3568C376-F3AB-469C-94A0-695CF2844C1F}.Debug|x86.Build.0 = Debug|Any CPU
		{3568C376-F3AB-469C-94A0-695CF2844C1F}.Release|Any CPU.ActiveCfg = Release|Any CPU
		{3568C376-F3AB-469C-94A0-695CF2844C1F}.Release|Any CPU.Build.0 = Release|Any CPU
		{3568C376-F3AB-469C-94A0-695CF2844C1F}.Release|Mixed Platforms.ActiveCfg = Release|Any CPU
		{3568C376-F3AB-469C-94A0-695CF2844C1F}.Release|Mixed Platforms.Build.0 = Release|Any CPU
		{3568C376-F3AB-469C-94A0-695CF2844C1F}.Release|x86.ActiveCfg = Release|Any CPU
		{22ADA2BA-033A-47E0-AD83-8399775DB135}.Debug|Any CPU.ActiveCfg = Debug|Any CPU
		{22ADA2BA-033A-47E0-AD83-8399775DB135}.Debug|Any CPU.Build.0 = Debug|Any CPU
		{22ADA2BA-033A-47E0-AD83-8399775DB135}.Debug|Mixed Platforms.ActiveCfg = Debug|x86
		{22ADA2BA-033A-47E0-AD83-8399775DB135}.Debug|Mixed Platforms.Build.0 = Debug|x86
		{22ADA2BA-033A-47E0-AD83-8399775DB135}.Debug|x86.ActiveCfg = Debug|x86
		{22ADA2BA-033A-47E0-AD83-8399775DB135}.Debug|x86.Build.0 = Debug|x86
		{22ADA2BA-033A-47E0-AD83-8399775DB135}.Release|Any CPU.ActiveCfg = Release|Any CPU
		{22ADA2BA-033A-47E0-AD83-8399775DB135}.Release|Any CPU.Build.0 = Release|Any CPU
		{22ADA2BA-033A-47E0-AD83-8399775DB135}.Release|Mixed Platforms.ActiveCfg = Release|x86
		{22ADA2BA-033A-47E0-AD83-8399775DB135}.Release|Mixed Platforms.Build.0 = Release|x86
		{22ADA2BA-033A-47E0-AD83-8399775DB135}.Release|x86.ActiveCfg = Release|Any CPU
		{2D68840B-5C4F-456A-A55B-9CC59B51F4F8}.Debug|Any CPU.ActiveCfg = Debug|x86
		{2D68840B-5C4F-456A-A55B-9CC59B51F4F8}.Debug|Mixed Platforms.ActiveCfg = Debug|x86
		{2D68840B-5C4F-456A-A55B-9CC59B51F4F8}.Debug|Mixed Platforms.Build.0 = Debug|x86
		{2D68840B-5C4F-456A-A55B-9CC59B51F4F8}.Debug|x86.ActiveCfg = Debug|x86
		{2D68840B-5C4F-456A-A55B-9CC59B51F4F8}.Debug|x86.Deploy.0 = Debug|x86
		{2D68840B-5C4F-456A-A55B-9CC59B51F4F8}.Release|Any CPU.ActiveCfg = Release|x86
		{2D68840B-5C4F-456A-A55B-9CC59B51F4F8}.Release|Mixed Platforms.ActiveCfg = Release|x86
		{2D68840B-5C4F-456A-A55B-9CC59B51F4F8}.Release|Mixed Platforms.Build.0 = Release|x86
		{2D68840B-5C4F-456A-A55B-9CC59B51F4F8}.Release|x86.ActiveCfg = Release|x86
		{2D68840B-5C4F-456A-A55B-9CC59B51F4F8}.Release|x86.Build.0 = Release|x86
		{EFC21748-5504-4B97-92F0-4B7F537FD5F7}.Debug|Any CPU.ActiveCfg = Debug|Any CPU
		{EFC21748-5504-4B97-92F0-4B7F537FD5F7}.Debug|Any CPU.Build.0 = Debug|Any CPU
		{EFC21748-5504-4B97-92F0-4B7F537FD5F7}.Debug|Mixed Platforms.ActiveCfg = Debug|Any CPU
		{EFC21748-5504-4B97-92F0-4B7F537FD5F7}.Debug|Mixed Platforms.Build.0 = Debug|Any CPU
		{EFC21748-5504-4B97-92F0-4B7F537FD5F7}.Debug|x86.ActiveCfg = Debug|Any CPU
		{EFC21748-5504-4B97-92F0-4B7F537FD5F7}.Debug|x86.Build.0 = Debug|Any CPU
		{EFC21748-5504-4B97-92F0-4B7F537FD5F7}.Release|Any CPU.ActiveCfg = Release|Any CPU
		{EFC21748-5504-4B97-92F0-4B7F537FD5F7}.Release|Any CPU.Build.0 = Release|Any CPU
		{EFC21748-5504-4B97-92F0-4B7F537FD5F7}.Release|Mixed Platforms.ActiveCfg = Release|Any CPU
		{EFC21748-5504-4B97-92F0-4B7F537FD5F7}.Release|Mixed Platforms.Build.0 = Release|Any CPU
		{EFC21748-5504-4B97-92F0-4B7F537FD5F7}.Release|x86.ActiveCfg = Release|Any CPU
	EndGlobalSection
	GlobalSection(SolutionProperties) = preSolution
		HideSolutionNode = FALSE
	EndGlobalSection
EndGlobal
